<?xml version="1.0" encoding="utf-8"?>
<Project ToolsVersion="4.0" xmlns="http://schemas.microsoft.com/developer/msbuild/2003">
  <ItemGroup>
    <Filter Include="Source Files">
      <UniqueIdentifier>{4FC737F1-C7A5-4376-A066-2A32D752A2FF}</UniqueIdentifier>
      <Extensions>cpp;c;cc;cxx;c++;cppm;ixx;def;odl;idl;hpj;bat;asm;asmx</Extensions>
    </Filter>
    <Filter Include="Header Files">
      <UniqueIdentifier>{93995380-89BD-4b04-88EB-625FBE52EBFB}</UniqueIdentifier>
      <Extensions>h;hh;hpp;hxx;h++;hm;inl;inc;ipp;xsd</Extensions>
    </Filter>
    <Filter Include="Resource Files">
      <UniqueIdentifier>{67DA6AB6-F800-4c08-8B7A-83BB121AAD01}</UniqueIdentifier>
      <Extensions>rc;ico;cur;bmp;dlg;rc2;rct;bin;rgs;gif;jpg;jpeg;jpe;resx;tiff;tif;png;wav;mfcribbon-ms</Extensions>
    </Filter>
    <Filter Include="Source Files\01-Project-1">
      <UniqueIdentifier>{c3c6d4e3-307a-45b9-8f79-3cc807a10365}</UniqueIdentifier>
    </Filter>
    <Filter Include="Source Files\02-Project-2">
      <UniqueIdentifier>{2c96fcad-c666-4772-b151-34d9524674c8}</UniqueIdentifier>
    </Filter>
    <Filter Include="Source Files\03-Project-3">
      <UniqueIdentifier>{568156fa-2c9e-4e76-9a3b-91880bf95f6d}</UniqueIdentifier>
    </Filter>
    <Filter Include="Source Files\04-Project-3-UI-Main menu">
      <UniqueIdentifier>{007234e0-c23f-459a-a980-e50b177d6014}</UniqueIdentifier>
    </Filter>
  </ItemGroup>
  <ItemGroup>
    <ClInclude Include="clsUtil.h">
      <Filter>Header Files</Filter>
    </ClInclude>
    <ClInclude Include="clsDate.h">
      <Filter>Header Files</Filter>
    </ClInclude>
    <ClInclude Include="clsString.h">
      <Filter>Header Files</Filter>
    </ClInclude>
    <ClInclude Include="clsInputValidate.h">
      <Filter>Header Files</Filter>
    </ClInclude>
    <ClInclude Include="clsPerson.h">
      <Filter>Header Files</Filter>
    </ClInclude>
    <ClInclude Include="clsBankClient.h">
      <Filter>Header Files</Filter>
    </ClInclude>
    <ClInclude Include="clsMainScreen.h">
      <Filter>Header Files</Filter>
    </ClInclude>
    <ClInclude Include="clsScreen.h">
      <Filter>Header Files</Filter>
    </ClInclude>
    <ClInclude Include="clsClientListScreen.h">
      <Filter>Header Files</Filter>
    </ClInclude>
  </ItemGroup>
  <ItemGroup>
    <ClCompile Include="01-Project-1\clsUtil library.cpp">
      <Filter>Source Files\01-Project-1</Filter>
    </ClCompile>
    <ClCompile Include="02-Project-2\Input and Validation library.cpp">
      <Filter>Source Files\02-Project-2</Filter>
    </ClCompile>
    <ClCompile Include="03-Project-3\01-Findclient.cpp">
      <Filter>Source Files\03-Project-3</Filter>
    </ClCompile>
    <ClCompile Include="03-Project-3\02-Updateclient.cpp">
      <Filter>Source Files\03-Project-3</Filter>
    </ClCompile>
    <ClCompile Include="03-Project-3\03-Add New client.cpp">
      <Filter>Source Files\03-Project-3</Filter>
    </ClCompile>
    <ClCompile Include="03-Project-3\04-Delete client.cpp">
      <Filter>Source Files\03-Project-3</Filter>
    </ClCompile>
    <ClCompile Include="03-Project-3\05-List clients.cpp">
      <Filter>Source Files\03-Project-3</Filter>
    </ClCompile>
    <ClCompile Include="03-Project-3\06-Total balance.cpp">
      <Filter>Source Files\03-Project-3</Filter>
    </ClCompile>
    <ClCompile Include="04-Project-3-UI-Main menu\01-Main Screen.cpp">
      <Filter>Source Files\04-Project-3-UI-Main menu</Filter>
    </ClCompile>
    <ClCompile Include="04-Project-3-UI-Main menu\02-List Client Screen.cpp">
      <Filter>Source Files\04-Project-3-UI-Main menu</Filter>
    </ClCompile>
  </ItemGroup>
</Project>